// !$*UTF8*$!
{
	archiveVersion = 1;
	classes = {
	};
	objectVersion = 46;
	objects = {

/* Begin PBXBuildFile section */
		236D79621A0FAC0100112455 /* main.m in Sources */ = {isa = PBXBuildFile; fileRef = 236D79611A0FAC0100112455 /* main.m */; };
		236D79651A0FAC0100112455 /* AppDelegate.m in Sources */ = {isa = PBXBuildFile; fileRef = 236D79641A0FAC0100112455 /* AppDelegate.m */; };
		236D79681A0FAC0100112455 /* ViewController.m in Sources */ = {isa = PBXBuildFile; fileRef = 236D79671A0FAC0100112455 /* ViewController.m */; };
		236D796B1A0FAC0100112455 /* Main.storyboard in Resources */ = {isa = PBXBuildFile; fileRef = 236D79691A0FAC0100112455 /* Main.storyboard */; };
		236D796D1A0FAC0100112455 /* Images.xcassets in Resources */ = {isa = PBXBuildFile; fileRef = 236D796C1A0FAC0100112455 /* Images.xcassets */; };
		236D79701A0FAC0100112455 /* LaunchScreen.xib in Resources */ = {isa = PBXBuildFile; fileRef = 236D796E1A0FAC0100112455 /* LaunchScreen.xib */; };
		236D797C1A0FAC0100112455 /* Lesson21AnimationTests.m in Sources */ = {isa = PBXBuildFile; fileRef = 236D797B1A0FAC0100112455 /* Lesson21AnimationTests.m */; };
/* End PBXBuildFile section */

/* Begin PBXContainerItemProxy section */
		236D79761A0FAC0100112455 /* PBXContainerItemProxy */ = {
			isa = PBXContainerItemProxy;
			containerPortal = 236D79541A0FAC0100112455 /* Project object */;
			proxyType = 1;
			remoteGlobalIDString = 236D795B1A0FAC0100112455;
			remoteInfo = Lesson21Animation;
		};
/* End PBXContainerItemProxy section */

/* Begin PBXFileReference section */
		236D795C1A0FAC0100112455 /* Lesson21Animation.app */ = {isa = PBXFileReference; explicitFileType = wrapper.application; includeInIndex = 0; path = Lesson21Animation.app; sourceTree = BUILT_PRODUCTS_DIR; };
		236D79601A0FAC0100112455 /* Info.plist */ = {isa = PBXFileReference; lastKnownFileType = text.plist.xml; path = Info.plist; sourceTree = "<group>"; };
		236D79611A0FAC0100112455 /* main.m */ = {isa = PBXFileReference; lastKnownFileType = sourcecode.c.objc; path = main.m; sourceTree = "<group>"; };
		236D79631A0FAC0100112455 /* AppDelegate.h */ = {isa = PBXFileReference; lastKnownFileType = sourcecode.c.h; path = AppDelegate.h; sourceTree = "<group>"; };
		236D79641A0FAC0100112455 /* AppDelegate.m */ = {isa = PBXFileReference; lastKnownFileType = sourcecode.c.objc; path = AppDelegate.m; sourceTree = "<group>"; };
		236D79661A0FAC0100112455 /* ViewController.h */ = {isa = PBXFileReference; lastKnownFileType = sourcecode.c.h; path = ViewController.h; sourceTree = "<group>"; };
		236D79671A0FAC0100112455 /* ViewController.m */ = {isa = PBXFileReference; lastKnownFileType = sourcecode.c.objc; path = ViewController.m; sourceTree = "<group>"; };
		236D796A1A0FAC0100112455 /* Base */ = {isa = PBXFileReference; lastKnownFileType = file.storyboard; name = Base; path = Base.lproj/Main.storyboard; sourceTree = "<group>"; };
		236D796C1A0FAC0100112455 /* Images.xcassets */ = {isa = PBXFileReference; lastKnownFileType = folder.assetcatalog; path = Images.xcassets; sourceTree = "<group>"; };
		236D796F1A0FAC0100112455 /* Base */ = {isa = PBXFileReference; lastKnownFileType = file.xib; name = Base; path = Base.lproj/LaunchScreen.xib; sourceTree = "<group>"; };
		236D79751A0FAC0100112455 /* Lesson21AnimationTests.xctest */ = {isa = PBXFileReference; explicitFileType = wrapper.cfbundle; includeInIndex = 0; path = Lesson21AnimationTests.xctest; sourceTree = BUILT_PRODUCTS_DIR; };
		236D797A1A0FAC0100112455 /* Info.plist */ = {isa = PBXFileReference; lastKnownFileType = text.plist.xml; path = Info.plist; sourceTree = "<group>"; };
		236D797B1A0FAC0100112455 /* Lesson21AnimationTests.m */ = {isa = PBXFileReference; lastKnownFileType = sourcecode.c.objc; path = Lesson21AnimationTests.m; sourceTree = "<group>"; };
/* End PBXFileReference section */

/* Begin PBXFrameworksBuildPhase section */
		236D79591A0FAC0100112455 /* Frameworks */ = {
			isa = PBXFrameworksBuildPhase;
			buildActionMask = 2147483647;
			files = (
			);
			runOnlyForDeploymentPostprocessing = 0;
		};
		236D79721A0FAC0100112455 /* Frameworks */ = {
			isa = PBXFrameworksBuildPhase;
			buildActionMask = 2147483647;
			files = (
			);
			runOnlyForDeploymentPostprocessing = 0;
		};
/* End PBXFrameworksBuildPhase section */

/* Begin PBXGroup section */
		236D79531A0FAC0100112455 = {
			isa = PBXGroup;
			children = (
				236D795E1A0FAC0100112455 /* Lesson21Animation */,
				236D79781A0FAC0100112455 /* Lesson21AnimationTests */,
				236D795D1A0FAC0100112455 /* Products */,
			);
			sourceTree = "<group>";
		};
		236D795D1A0FAC0100112455 /* Products */ = {
			isa = PBXGroup;
			children = (
				236D795C1A0FAC0100112455 /* Lesson21Animation.app */,
				236D79751A0FAC0100112455 /* Lesson21AnimationTests.xctest */,
			);
			name = Products;
			sourceTree = "<group>";
		};
		236D795E1A0FAC0100112455 /* Lesson21Animation */ = {
			isa = PBXGroup;
			children = (
				236D79631A0FAC0100112455 /* AppDelegate.h */,
				236D79641A0FAC0100112455 /* AppDelegate.m */,
				236D79661A0FAC0100112455 /* ViewController.h */,
				236D79671A0FAC0100112455 /* ViewController.m */,
				236D79691A0FAC0100112455 /* Main.storyboard */,
				236D796C1A0FAC0100112455 /* Images.xcassets */,
				236D796E1A0FAC0100112455 /* LaunchScreen.xib */,
				236D795F1A0FAC0100112455 /* Supporting Files */,
			);
			path = Lesson21Animation;
			sourceTree = "<group>";
		};
		236D795F1A0FAC0100112455 /* Supporting Files */ = {
			isa = PBXGroup;
			children = (
				236D79601A0FAC0100112455 /* Info.plist */,
				236D79611A0FAC0100112455 /* main.m */,
			);
			name = "Supporting Files";
			sourceTree = "<group>";
		};
		236D79781A0FAC0100112455 /* Lesson21AnimationTests */ = {
			isa = PBXGroup;
			children = (
				236D797B1A0FAC0100112455 /* Lesson21AnimationTests.m */,
				236D79791A0FAC0100112455 /* Supporting Files */,
			);
			path = Lesson21AnimationTests;
			sourceTree = "<group>";
		};
		236D79791A0FAC0100112455 /* Supporting Files */ = {
			isa = PBXGroup;
			children = (
				236D797A1A0FAC0100112455 /* Info.plist */,
			);
			name = "Supporting Files";
			sourceTree = "<group>";
		};
/* End PBXGroup section */

/* Begin PBXNativeTarget section */
		236D795B1A0FAC0100112455 /* Lesson21Animation */ = {
			isa = PBXNativeTarget;
			buildConfigurationList = 236D797F1A0FAC0100112455 /* Build configuration list for PBXNativeTarget "Lesson21Animation" */;
			buildPhases = (
				236D79581A0FAC0100112455 /* Sources */,
				236D79591A0FAC0100112455 /* Frameworks */,
				236D795A1A0FAC0100112455 /* Resources */,
			);
			buildRules = (
			);
			dependencies = (
			);
			name = Lesson21Animation;
			productName = Lesson21Animation;
			productReference = 236D795C1A0FAC0100112455 /* Lesson21Animation.app */;
			productType = "com.apple.product-type.application";
		};
		236D79741A0FAC0100112455 /* Lesson21AnimationTests */ = {
			isa = PBXNativeTarget;
			buildConfigurationList = 236D79821A0FAC0100112455 /* Build configuration list for PBXNativeTarget "Lesson21AnimationTests" */;
			buildPhases = (
				236D79711A0FAC0100112455 /* Sources */,
				236D79721A0FAC0100112455 /* Frameworks */,
				236D79731A0FAC0100112455 /* Resources */,
			);
			buildRules = (
			);
			dependencies = (
				236D79771A0FAC0100112455 /* PBXTargetDependency */,
			);
			name = Lesson21AnimationTests;
			productName = Lesson21AnimationTests;
			productReference = 236D79751A0FAC0100112455 /* Lesson21AnimationTests.xctest */;
			productType = "com.apple.product-type.bundle.unit-test";
		};
/* End PBXNativeTarget section */

/* Begin PBXProject section */
		236D79541A0FAC0100112455 /* Project object */ = {
			isa = PBXProject;
			attributes = {
				LastUpgradeCheck = 0610;
				ORGANIZATIONNAME = "Serhii Onopriienko";
				TargetAttributes = {
					236D795B1A0FAC0100112455 = {
						CreatedOnToolsVersion = 6.1;
					};
					236D79741A0FAC0100112455 = {
						CreatedOnToolsVersion = 6.1;
						TestTargetID = 236D795B1A0FAC0100112455;
					};
				};
			};
			buildConfigurationList = 236D79571A0FAC0100112455 /* Build configuration list for PBXProject "Lesson21Animation" */;
			compatibilityVersion = "Xcode 3.2";
			developmentRegion = English;
			hasScannedForEncodings = 0;
			knownRegions = (
				en,
				Base,
			);
			mainGroup = 236D79531A0FAC0100112455;
			productRefGroup = 236D795D1A0FAC0100112455 /* Products */;
			projectDirPath = "";
			projectRoot = "";
			targets = (
				236D795B1A0FAC0100112455 /* Lesson21Animation */,
				236D79741A0FAC0100112455 /* Lesson21AnimationTests */,
			);
		};
/* End PBXProject section */

/* Begin PBXResourcesBuildPhase section */
		236D795A1A0FAC0100112455 /* Resources */ = {
			isa = PBXResourcesBuildPhase;
			buildActionMask = 2147483647;
			files = (
				236D796B1A0FAC0100112455 /* Main.storyboard in Resources */,
				236D79701A0FAC0100112455 /* LaunchScreen.xib in Resources */,
				236D796D1A0FAC0100112455 /* Images.xcassets in Resources */,
			);
			runOnlyForDeploymentPostprocessing = 0;
		};
		236D79731A0FAC0100112455 /* Resources */ = {
			isa = PBXResourcesBuildPhase;
			buildActionMask = 2147483647;
			files = (
			);
			runOnlyForDeploymentPostprocessing = 0;
		};
/* End PBXResourcesBuildPhase section */

/* Begin PBXSourcesBuildPhase section */
		236D79581A0FAC0100112455 /* Sources */ = {
			isa = PBXSourcesBuildPhase;
			buildActionMask = 2147483647;
			files = (
				236D79681A0FAC0100112455 /* ViewController.m in Sources */,
				236D79651A0FAC0100112455 /* AppDelegate.m in Sources */,
				236D79621A0FAC0100112455 /* main.m in Sources */,
			);
			runOnlyForDeploymentPostprocessing = 0;
		};
		236D79711A0FAC0100112455 /* Sources */ = {
			isa = PBXSourcesBuildPhase;
			buildActionMask = 2147483647;
			files = (
				236D797C1A0FAC0100112455 /* Lesson21AnimationTests.m in Sources */,
			);
			runOnlyForDeploymentPostprocessing = 0;
		};
/* End PBXSourcesBuildPhase section */

/* Begin PBXTargetDependency section */
		236D79771A0FAC0100112455 /* PBXTargetDependency */ = {
			isa = PBXTargetDependency;
			target = 236D795B1A0FAC0100112455 /* Lesson21Animation */;
			targetProxy = 236D79761A0FAC0100112455 /* PBXContainerItemProxy */;
		};
/* End PBXTargetDependency section */

/* Begin PBXVariantGroup section */
		236D79691A0FAC0100112455 /* Main.storyboard */ = {
			isa = PBXVariantGroup;
			children = (
				236D796A1A0FAC0100112455 /* Base */,
			);
			name = Main.storyboard;
			sourceTree = "<group>";
		};
		236D796E1A0FAC0100112455 /* LaunchScreen.xib */ = {
			isa = PBXVariantGroup;
			children = (
				236D796F1A0FAC0100112455 /* Base */,
			);
			name = LaunchScreen.xib;
			sourceTree = "<group>";
		};
/* End PBXVariantGroup section */

/* Begin XCBuildConfiguration section */
		236D797D1A0FAC0100112455 /* Debug */ = {
			isa = XCBuildConfiguration;
			buildSettings = {
				ALWAYS_SEARCH_USER_PATHS = NO;
				CLANG_CXX_LANGUAGE_STANDARD = "gnu++0x";
				CLANG_CXX_LIBRARY = "libc++";
				CLANG_ENABLE_MODULES = YES;
				CLANG_ENABLE_OBJC_ARC = YES;
				CLANG_WARN_BOOL_CONVERSION = YES;
				CLANG_WARN_CONSTANT_CONVERSION = YES;
				CLANG_WARN_DIRECT_OBJC_ISA_USAGE = YES_ERROR;
				CLANG_WARN_EMPTY_BODY = YES;
				CLANG_WARN_ENUM_CONVERSION = YES;
				CLANG_WARN_INT_CONVERSION = YES;
				CLANG_WARN_OBJC_ROOT_CLASS = YES_ERROR;
				CLANG_WARN_UNREACHABLE_CODE = YES;
				CLANG_WARN__DUPLICATE_METHOD_MATCH = YES;
				"CODE_SIGN_IDENTITY[sdk=iphoneos*]" = "iPhone Developer";
				COPY_PHASE_STRIP = NO;
				ENABLE_STRICT_OBJC_MSGSEND = YES;
				GCC_C_LANGUAGE_STANDARD = gnu99;
				GCC_DYNAMIC_NO_PIC = NO;
				GCC_OPTIMIZATION_LEVEL = 0;
				GCC_PREPROCESSOR_DEFINITIONS = (
					"DEBUG=1",
					"$(inherited)",
				);
				GCC_SYMBOLS_PRIVATE_EXTERN = NO;
				GCC_WARN_64_TO_32_BIT_CONVERSION = YES;
				GCC_WARN_ABOUT_RETURN_TYPE = YES_ERROR;
				GCC_WARN_UNDECLARED_SELECTOR = YES;
				GCC_WARN_UNINITIALIZED_AUTOS = YES_AGGRESSIVE;
				GCC_WARN_UNUSED_FUNCTION = YES;
				GCC_WARN_UNUSED_VARIABLE = YES;
				IPHONEOS_DEPLOYMENT_TARGET = 8.1;
				MTL_ENABLE_DEBUG_INFO = YES;
				ONLY_ACTIVE_ARCH = YES;
				SDKROOT = iphoneos;
			};
			name = Debug;
		};
		236D797E1A0FAC0100112455 /* Release */ = {
			isa = XCBuildConfiguration;
			buildSettings = {
				ALWAYS_SEARCH_USER_PATHS = NO;
				CLANG_CXX_LANGUAGE_STANDARD = "gnu++0x";
				CLANG_CXX_LIBRARY = "libc++";
				CLANG_ENABLE_MODULES = YES;
				CLANG_ENABLE_OBJC_ARC = YES;
				CLANG_WARN_BOOL_CONVERSION = YES;
				CLANG_WARN_CONSTANT_CONVERSION = YES;
				CLANG_WARN_DIRECT_OBJC_ISA_USAGE = YES_ERROR;
				CLANG_WARN_EMPTY_BODY = YES;
				CLANG_WARN_ENUM_CONVERSION = YES;
				CLANG_WARN_INT_CONVERSION = YES;
				CLANG_WARN_OBJC_ROOT_CLASS = YES_ERROR;
				CLANG_WARN_UNREACHABLE_CODE = YES;
				CLANG_WARN__DUPLICATE_METHOD_MATCH = YES;
				"CODE_SIGN_IDENTITY[sdk=iphoneos*]" = "iPhone Developer";
				COPY_PHASE_STRIP = YES;
				ENABLE_NS_ASSERTIONS = NO;
				ENABLE_STRICT_OBJC_MSGSEND = YES;
				GCC_C_LANGUAGE_STANDARD = gnu99;
				GCC_WARN_64_TO_32_BIT_CONVERSION = YES;
				GCC_WARN_ABOUT_RETURN_TYPE = YES_ERROR;
				GCC_WARN_UNDECLARED_SELECTOR = YES;
				GCC_WARN_UNINITIALIZED_AUTOS = YES_AGGRESSIVE;
				GCC_WARN_UNUSED_FUNCTION = YES;
				GCC_WARN_UNUSED_VARIABLE = YES;
				IPHONEOS_DEPLOYMENT_TARGET = 8.1;
				MTL_ENABLE_DEBUG_INFO = NO;
				SDKROOT = iphoneos;
				VALIDATE_PRODUCT = YES;
			};
			name = Release;
		};
		236D79801A0FAC0100112455 /* Debug */ = {
			isa = XCBuildConfiguration;
			buildSettings = {
				ASSETCATALOG_COMPILER_APPICON_NAME = AppIcon;
				INFOPLIST_FILE = Lesson21Animation/Info.plist;
				LD_RUNPATH_SEARCH_PATHS = "$(inherited) @executable_path/Frameworks";
				PRODUCT_NAME = "$(TARGET_NAME)";
			};
			name = Debug;
		};
		236D79811A0FAC0100112455 /* Release */ = {
			isa = XCBuildConfiguration;
			buildSettings = {
				ASSETCATALOG_COMPILER_APPICON_NAME = AppIcon;
				INFOPLIST_FILE = Lesson21Animation/Info.plist;
				LD_RUNPATH_SEARCH_PATHS = "$(inherited) @executable_path/Frameworks";
				PRODUCT_NAME = "$(TARGET_NAME)";
			};
			name = Release;
		};
		236D79831A0FAC0100112455 /* Debug */ = {
			isa = XCBuildConfiguration;
			buildSettings = {
				BUNDLE_LOADER = "$(TEST_HOST)";
				FRAMEWORK_SEARCH_PATHS = (
					"$(SDKROOT)/Developer/Library/Frameworks",
					"$(inherited)",
				);
				GCC_PREPROCESSOR_DEFINITIONS = (
					"DEBUG=1",
					"$(inherited)",
				);
				INFOPLIST_FILE = Lesson21AnimationTests/Info.plist;
				LD_RUNPATH_SEARCH_PATHS = "$(inherited) @executable_path/Frameworks @loader_path/Frameworks";
				PRODUCT_NAME = "$(TARGET_NAME)";
				TEST_HOST = "$(BUILT_PRODUCTS_DIR)/Lesson21Animation.app/Lesson21Animation";
			};
			name = Debug;
		};
		236D79841A0FAC0100112455 /* Release */ = {
			isa = XCBuildConfiguration;
			buildSettings = {
				BUNDLE_LOADER = "$(TEST_HOST)";
				FRAMEWORK_SEARCH_PATHS = (
					"$(SDKROOT)/Developer/Library/Frameworks",
					"$(inherited)",
				);
				INFOPLIST_FILE = Lesson21AnimationTests/Info.plist;
				LD_RUNPATH_SEARCH_PATHS = "$(inherited) @executable_path/Frameworks @loader_path/Frameworks";
				PRODUCT_NAME = "$(TARGET_NAME)";
				TEST_HOST = "$(BUILT_PRODUCTS_DIR)/Lesson21Animation.app/Lesson21Animation";
			};
			name = Release;
		};
/* End XCBuildConfiguration section */

/* Begin XCConfigurationList section */
		236D79571A0FAC0100112455 /* Build configuration list for PBXProject "Lesson21Animation" */ = {
			isa = XCConfigurationList;
			buildConfigurations = (
				236D797D1A0FAC0100112455 /* Debug */,
				236D797E1A0FAC0100112455 /* Release */,
			);
			defaultConfigurationIsVisible = 0;
			defaultConfigurationName = Release;
		};
		236D797F1A0FAC0100112455 /* Build configuration list for PBXNativeTarget "Lesson21Animation" */ = {
			isa = XCConfigurationList;
			buildConfigurations = (
				236D79801A0FAC0100112455 /* Debug */,
				236D79811A0FAC0100112455 /* Release */,
			);
			defaultConfigurationIsVisible = 0;
		};
		236D79821A0FAC0100112455 /* Build configuration list for PBXNativeTarget "Lesson21AnimationTests" */ = {
			isa = XCConfigurationList;
			buildConfigurations = (
				236D79831A0FAC0100112455 /* Debug */,
				236D79841A0FAC0100112455 /* Release */,
			);
			defaultConfigurationIsVisible = 0;
		};
/* End XCConfigurationList section */
	};
	rootObject = 236D79541A0FAC0100112455 /* Project object */;
}
